
Microsoft Visual Studio Solution File, Format Version 12.00
# Visual Studio Version 17
VisualStudioVersion = 17.12.35527.113
MinimumVisualStudioVersion = 10.0.40219.1
Project("{2150E333-8FDC-42A3-9474-1A3956D46DE8}") = "src", "src", "{179BC79D-CF12-4232-9578-5D9B6B703A86}"
EndProject
Project("{2150E333-8FDC-42A3-9474-1A3956D46DE8}") = "Models", "Models", "{B31A60A1-F5B2-422F-8F31-2BB2B99A07DC}"
EndProject
Project("{FAE04EC0-301F-11D3-BF4B-00C04F79EFBC}") = "Models.RFx", "src\Models.RFx\Models.RFx.csproj", "{97D0D122-3AF9-4872-9CD7-2D4F2F333E86}"
EndProject
Project("{2150E333-8FDC-42A3-9474-1A3956D46DE8}") = "Controllers", "Controllers", "{681BA31C-5FAB-4191-92DA-6763C0A17F2B}"
EndProject
Project("{FAE04EC0-301F-11D3-BF4B-00C04F79EFBC}") = "Controllers.RFx", "src\Controllers.RFx\Controllers.RFx.csproj", "{BA8E9208-752C-4313-9309-1953DDA24F8C}"
EndProject
Project("{2150E333-8FDC-42A3-9474-1A3956D46DE8}") = "BussinesLayer", "BussinesLayer", "{2E43FE0F-4425-4151-BF96-3880E17DC95C}"
EndProject
Project("{FAE04EC0-301F-11D3-BF4B-00C04F79EFBC}") = "BussinesLayer.RFx", "src\BussinesLayer.RFx\BussinesLayer.RFx.csproj", "{4CA02FFC-F6B5-45DC-A638-38E23224587F}"
EndProject
Project("{2150E333-8FDC-42A3-9474-1A3956D46DE8}") = "DataLayer", "DataLayer", "{CFCD151D-D3B2-4474-99E4-EB76A5F1F521}"
EndProject
Project("{FAE04EC0-301F-11D3-BF4B-00C04F79EFBC}") = "DataLayer.RFx", "src\DataLayer.RFx\DataLayer.RFx.csproj", "{6BEB6107-BE0D-402E-AC20-1353A9F42066}"
EndProject
Project("{2150E333-8FDC-42A3-9474-1A3956D46DE8}") = "ServiceHost", "ServiceHost", "{8A7EED06-8287-419B-B682-4ADE0DC4CD08}"
EndProject
Project("{FAE04EC0-301F-11D3-BF4B-00C04F79EFBC}") = "RFx_CRUD", "src\ServiceHost\RFx_CRUD.csproj", "{715D3855-0BCE-4E00-B39B-059E492649E6}"
EndProject
Project("{2150E333-8FDC-42A3-9474-1A3956D46DE8}") = "test", "test", "{ABF0D68F-E279-432F-884A-560533148AF2}"
EndProject
Project("{2150E333-8FDC-42A3-9474-1A3956D46DE8}") = "Solution Items", "Solution Items", "{CD261744-5FA1-4A74-BBF5-20653A578DD7}"
	ProjectSection(SolutionItems) = preProject
		Dockerfile = Dockerfile
		metadata.json = metadata.json
	EndProjectSection
EndProject
Global
	GlobalSection(SolutionConfigurationPlatforms) = preSolution
		Debug|Any CPU = Debug|Any CPU
		Release|Any CPU = Release|Any CPU
	EndGlobalSection
	GlobalSection(ProjectConfigurationPlatforms) = postSolution
		{97D0D122-3AF9-4872-9CD7-2D4F2F333E86}.Debug|Any CPU.ActiveCfg = Debug|Any CPU
		{97D0D122-3AF9-4872-9CD7-2D4F2F333E86}.Debug|Any CPU.Build.0 = Debug|Any CPU
		{97D0D122-3AF9-4872-9CD7-2D4F2F333E86}.Release|Any CPU.ActiveCfg = Release|Any CPU
		{97D0D122-3AF9-4872-9CD7-2D4F2F333E86}.Release|Any CPU.Build.0 = Release|Any CPU
		{BA8E9208-752C-4313-9309-1953DDA24F8C}.Debug|Any CPU.ActiveCfg = Debug|Any CPU
		{BA8E9208-752C-4313-9309-1953DDA24F8C}.Debug|Any CPU.Build.0 = Debug|Any CPU
		{BA8E9208-752C-4313-9309-1953DDA24F8C}.Release|Any CPU.ActiveCfg = Release|Any CPU
		{BA8E9208-752C-4313-9309-1953DDA24F8C}.Release|Any CPU.Build.0 = Release|Any CPU
		{4CA02FFC-F6B5-45DC-A638-38E23224587F}.Debug|Any CPU.ActiveCfg = Debug|Any CPU
		{4CA02FFC-F6B5-45DC-A638-38E23224587F}.Debug|Any CPU.Build.0 = Debug|Any CPU
		{4CA02FFC-F6B5-45DC-A638-38E23224587F}.Release|Any CPU.ActiveCfg = Release|Any CPU
		{4CA02FFC-F6B5-45DC-A638-38E23224587F}.Release|Any CPU.Build.0 = Release|Any CPU
		{6BEB6107-BE0D-402E-AC20-1353A9F42066}.Debug|Any CPU.ActiveCfg = Debug|Any CPU
		{6BEB6107-BE0D-402E-AC20-1353A9F42066}.Debug|Any CPU.Build.0 = Debug|Any CPU
		{6BEB6107-BE0D-402E-AC20-1353A9F42066}.Release|Any CPU.ActiveCfg = Release|Any CPU
		{6BEB6107-BE0D-402E-AC20-1353A9F42066}.Release|Any CPU.Build.0 = Release|Any CPU
		{715D3855-0BCE-4E00-B39B-059E492649E6}.Debug|Any CPU.ActiveCfg = Debug|Any CPU
		{715D3855-0BCE-4E00-B39B-059E492649E6}.Debug|Any CPU.Build.0 = Debug|Any CPU
		{715D3855-0BCE-4E00-B39B-059E492649E6}.Release|Any CPU.ActiveCfg = Release|Any CPU
		{715D3855-0BCE-4E00-B39B-059E492649E6}.Release|Any CPU.Build.0 = Release|Any CPU
	EndGlobalSection
	GlobalSection(SolutionProperties) = preSolution
		HideSolutionNode = FALSE
	EndGlobalSection
	GlobalSection(NestedProjects) = preSolution
		{B31A60A1-F5B2-422F-8F31-2BB2B99A07DC} = {179BC79D-CF12-4232-9578-5D9B6B703A86}
		{97D0D122-3AF9-4872-9CD7-2D4F2F333E86} = {B31A60A1-F5B2-422F-8F31-2BB2B99A07DC}
		{681BA31C-5FAB-4191-92DA-6763C0A17F2B} = {179BC79D-CF12-4232-9578-5D9B6B703A86}
		{BA8E9208-752C-4313-9309-1953DDA24F8C} = {681BA31C-5FAB-4191-92DA-6763C0A17F2B}
		{2E43FE0F-4425-4151-BF96-3880E17DC95C} = {179BC79D-CF12-4232-9578-5D9B6B703A86}
		{4CA02FFC-F6B5-45DC-A638-38E23224587F} = {2E43FE0F-4425-4151-BF96-3880E17DC95C}
		{CFCD151D-D3B2-4474-99E4-EB76A5F1F521} = {179BC79D-CF12-4232-9578-5D9B6B703A86}
		{6BEB6107-BE0D-402E-AC20-1353A9F42066} = {CFCD151D-D3B2-4474-99E4-EB76A5F1F521}
		{8A7EED06-8287-419B-B682-4ADE0DC4CD08} = {179BC79D-CF12-4232-9578-5D9B6B703A86}
		{715D3855-0BCE-4E00-B39B-059E492649E6} = {8A7EED06-8287-419B-B682-4ADE0DC4CD08}
	EndGlobalSection
EndGlobal
